
Microsoft Visual Studio Solution File, Format Version 12.00
# Visual Studio 14
VisualStudioVersion = 14.0.25420.1
MinimumVisualStudioVersion = 10.0.40219.1
Project("{2150E333-8FDC-42A3-9474-1A3956D46DE8}") = "Test", "Test", "{7A7E6ED9-8154-4643-A506-1E1714A42F13}"
EndProject
Project("{8BC9CEB8-8B4A-11D0-8D11-00A0C91BC942}") = "Library", "Library\Library.vcxproj", "{1B468F45-09F6-4DCE-8BDD-A831066F3175}"
EndProject
Project("{8BC9CEB8-8B4A-11D0-8D11-00A0C91BC942}") = "MinimumTest", "MinimumTest\MinimumTest.vcxproj", "{6BD563E5-54E4-41B2-963E-708AEF612D20}"
EndProject
Project("{8BC9CEB8-8B4A-11D0-8D11-00A0C91BC942}") = "MinimumTestApp", "MinimumTestApp\MinimumTestApp.vcxproj", "{BF2ED12B-E0FC-4FD1-8F95-CEC239453846}"
EndProject
Global
	GlobalSection(SolutionConfigurationPlatforms) = preSolution
		Debug|Any CPU = Debug|Any CPU
		Debug|x64 = Debug|x64
		Debug|x86 = Debug|x86
		Release|Any CPU = Release|Any CPU
		Release|x64 = Release|x64
		Release|x86 = Release|x86
	EndGlobalSection
	GlobalSection(ProjectConfigurationPlatforms) = postSolution
		{1B468F45-09F6-4DCE-8BDD-A831066F3175}.Debug|Any CPU.ActiveCfg = Debug|x64
		{1B468F45-09F6-4DCE-8BDD-A831066F3175}.Debug|Any CPU.Build.0 = Debug|x64
		{1B468F45-09F6-4DCE-8BDD-A831066F3175}.Debug|x64.ActiveCfg = Debug|x64
		{1B468F45-09F6-4DCE-8BDD-A831066F3175}.Debug|x64.Build.0 = Debug|x64
		{1B468F45-09F6-4DCE-8BDD-A831066F3175}.Debug|x86.ActiveCfg = Debug|Win32
		{1B468F45-09F6-4DCE-8BDD-A831066F3175}.Debug|x86.Build.0 = Debug|Win32
		{1B468F45-09F6-4DCE-8BDD-A831066F3175}.Release|Any CPU.ActiveCfg = Release|Win32
		{1B468F45-09F6-4DCE-8BDD-A831066F3175}.Release|x64.ActiveCfg = Release|x64
		{1B468F45-09F6-4DCE-8BDD-A831066F3175}.Release|x64.Build.0 = Release|x64
		{1B468F45-09F6-4DCE-8BDD-A831066F3175}.Release|x86.ActiveCfg = Release|Win32
		{1B468F45-09F6-4DCE-8BDD-A831066F3175}.Release|x86.Build.0 = Release|Win32
		{6BD563E5-54E4-41B2-963E-708AEF612D20}.Debug|Any CPU.ActiveCfg = Debug|x64
		{6BD563E5-54E4-41B2-963E-708AEF612D20}.Debug|Any CPU.Build.0 = Debug|x64
		{6BD563E5-54E4-41B2-963E-708AEF612D20}.Debug|x64.ActiveCfg = Debug|x64
		{6BD563E5-54E4-41B2-963E-708AEF612D20}.Debug|x64.Build.0 = Debug|x64
		{6BD563E5-54E4-41B2-963E-708AEF612D20}.Debug|x86.ActiveCfg = Debug|Win32
		{6BD563E5-54E4-41B2-963E-708AEF612D20}.Debug|x86.Build.0 = Debug|Win32
		{6BD563E5-54E4-41B2-963E-708AEF612D20}.Release|Any CPU.ActiveCfg = Release|Win32
		{6BD563E5-54E4-41B2-963E-708AEF612D20}.Release|x64.ActiveCfg = Release|x64
		{6BD563E5-54E4-41B2-963E-708AEF612D20}.Release|x64.Build.0 = Release|x64
		{6BD563E5-54E4-41B2-963E-708AEF612D20}.Release|x86.ActiveCfg = Release|Win32
		{6BD563E5-54E4-41B2-963E-708AEF612D20}.Release|x86.Build.0 = Release|Win32
		{BF2ED12B-E0FC-4FD1-8F95-CEC239453846}.Debug|Any CPU.ActiveCfg = Debug|x64
		{BF2ED12B-E0FC-4FD1-8F95-CEC239453846}.Debug|Any CPU.Build.0 = Debug|x64
		{BF2ED12B-E0FC-4FD1-8F95-CEC239453846}.Debug|x64.ActiveCfg = Debug|x64
		{BF2ED12B-E0FC-4FD1-8F95-CEC239453846}.Debug|x64.Build.0 = Debug|x64
		{BF2ED12B-E0FC-4FD1-8F95-CEC239453846}.Debug|x86.ActiveCfg = Debug|Win32
		{BF2ED12B-E0FC-4FD1-8F95-CEC239453846}.Debug|x86.Build.0 = Debug|Win32
		{BF2ED12B-E0FC-4FD1-8F95-CEC239453846}.Release|Any CPU.ActiveCfg = Release|Win32
		{BF2ED12B-E0FC-4FD1-8F95-CEC239453846}.Release|x64.ActiveCfg = Release|x64
		{BF2ED12B-E0FC-4FD1-8F95-CEC239453846}.Release|x64.Build.0 = Release|x64
		{BF2ED12B-E0FC-4FD1-8F95-CEC239453846}.Release|x86.ActiveCfg = Release|Win32
		{BF2ED12B-E0FC-4FD1-8F95-CEC239453846}.Release|x86.Build.0 = Release|Win32
	EndGlobalSection
	GlobalSection(SolutionProperties) = preSolution
		HideSolutionNode = FALSE
	EndGlobalSection
	GlobalSection(NestedProjects) = preSolution
		{1B468F45-09F6-4DCE-8BDD-A831066F3175} = {7A7E6ED9-8154-4643-A506-1E1714A42F13}
		{6BD563E5-54E4-41B2-963E-708AEF612D20} = {7A7E6ED9-8154-4643-A506-1E1714A42F13}
		{BF2ED12B-E0FC-4FD1-8F95-CEC239453846} = {7A7E6ED9-8154-4643-A506-1E1714A42F13}
	EndGlobalSection
EndGlobal
